{
  "nodes": {
    "nixpkgs": {
      "locked": {
        "lastModified": 1635150109,
        "narHash": "sha256-KTtyOdjFY8AqQRKytamEuLgPJYRjQSDivyNlZtT/2Zs=",
        "owner": "NixOS",
        "repo": "nixpkgs",
        "rev": "8e18c70837aa01ade3718cd0fd35b649b3a2cf52",
        "type": "github"
      },
      "original": {
        "id": "nixpkgs",
        "type": "indirect"
      }
    },
    "root": {
      "inputs": {
        "nixpkgs": "nixpkgs"
      }
    }
  },
  "root": "root",
  "version": 7
}
